
Microsoft Visual Studio Solution File, Format Version 12.00
# Visual Studio Version 17
VisualStudioVersion = 17.3.32819.101
MinimumVisualStudioVersion = 10.0.40219.1
Project("{FAE04EC0-301F-11D3-BF4B-00C04F79EFBC}") = "Practice", "Practice\Practice.csproj", "{A5863BD4-80A4-44AC-B7D7-3C3EF9F51999}"
EndProject
Global
	GlobalSection(SolutionConfigurationPlatforms) = preSolution
		Debug|Any CPU = Debug|Any CPU
		Release|Any CPU = Release|Any CPU
	EndGlobalSection
	GlobalSection(ProjectConfigurationPlatforms) = postSolution
		{A5863BD4-80A4-44AC-B7D7-3C3EF9F51999}.Debug|Any CPU.ActiveCfg = Debug|Any CPU
		{A5863BD4-80A4-44AC-B7D7-3C3EF9F51999}.Debug|Any CPU.Build.0 = Debug|Any CPU
		{A5863BD4-80A4-44AC-B7D7-3C3EF9F51999}.Release|Any CPU.ActiveCfg = Release|Any CPU
		{A5863BD4-80A4-44AC-B7D7-3C3EF9F51999}.Release|Any CPU.Build.0 = Release|Any CPU
	EndGlobalSection
	GlobalSection(SolutionProperties) = preSolution
		HideSolutionNode = FALSE
	EndGlobalSection
	GlobalSection(ExtensibilityGlobals) = postSolution
		SolutionGuid = {73A4178F-AA82-41F0-A5B2-6118A295E728}
	EndGlobalSection
EndGlobal
